
Microsoft Visual Studio Solution File, Format Version 12.00
# Visual Studio Version 17
VisualStudioVersion = 17.14.36717.8 d17.14
MinimumVisualStudioVersion = 10.0.40219.1
Project("{8BC9CEB8-8B4A-11D0-8D11-00A0C91BC942}") = "us_slicer_std_lin", "us_slicer_std_lin.vcxproj", "{36F6BAD4-9590-40CB-ABDB-57B6F1D3780A}"
EndProject
Global
	GlobalSection(SolutionConfigurationPlatforms) = preSolution
		Debug|x64 = Debug|x64
		Debug|x86 = Debug|x86
		Release|x64 = Release|x64
		Release|x86 = Release|x86
	EndGlobalSection
	GlobalSection(ProjectConfigurationPlatforms) = postSolution
		{36F6BAD4-9590-40CB-ABDB-57B6F1D3780A}.Debug|x64.ActiveCfg = Debug|x64
		{36F6BAD4-9590-40CB-ABDB-57B6F1D3780A}.Debug|x64.Build.0 = Debug|x64
		{36F6BAD4-9590-40CB-ABDB-57B6F1D3780A}.Debug|x86.ActiveCfg = Debug|Win32
		{36F6BAD4-9590-40CB-ABDB-57B6F1D3780A}.Debug|x86.Build.0 = Debug|Win32
		{36F6BAD4-9590-40CB-ABDB-57B6F1D3780A}.Release|x64.ActiveCfg = Release|x64
		{36F6BAD4-9590-40CB-ABDB-57B6F1D3780A}.Release|x64.Build.0 = Release|x64
		{36F6BAD4-9590-40CB-ABDB-57B6F1D3780A}.Release|x86.ActiveCfg = Release|Win32
		{36F6BAD4-9590-40CB-ABDB-57B6F1D3780A}.Release|x86.Build.0 = Release|Win32
	EndGlobalSection
	GlobalSection(SolutionProperties) = preSolution
		HideSolutionNode = FALSE
	EndGlobalSection
	GlobalSection(ExtensibilityGlobals) = postSolution
		SolutionGuid = {ADECD6B5-9DC1-463F-8CEF-1077E6BCB690}
	EndGlobalSection
EndGlobal
